Microsoft Visual Studio Solution File, Format Version 12.00
# Visual Studio Version 17
VisualStudioVersion = 17.0.31611.283
MinimumVisualStudioVersion = 10.0.40219.1
Project("{9A19103F-16F7-4668-BE54-9A1E7A4F7556}") = "ContinueOnPC", "ContinueOnPC\ContinueOnPC.csproj", "{91B68EB5-8F75-4844-92CF-7A315C1BE6C1}"
EndProject
Project("{9A19103F-16F7-4668-BE54-9A1E7A4F7556}") = "ContinueOnPC.iOS.ShareExtension", "ContinueOnPC.iOS.ShareExtension\ContinueOnPC.iOS.ShareExtension.csproj", "{36A3B0C6-0277-4AA0-B822-71FE52EDCAF9}"
EndProject
Project("{9A19103F-16F7-4668-BE54-9A1E7A4F7556}") = "ContinueOnPC.Models", "ContinueOnPC.Models\ContinueOnPC.Models.csproj", "{3C60ECD4-3E5E-4277-8C58-2224BAE6C016}"
EndProject
Project("{9A19103F-16F7-4668-BE54-9A1E7A4F7556}") = "ContinueOnPC.Services", "ContinueOnPC.Services\ContinueOnPC.Services.csproj", "{E5947892-3382-4CD8-A25C-2EF0E1B8D47D}"
EndProject
Project("{2150E333-8FDC-42A3-9474-1A3956D46DE8}") = "Solution Items", "Solution Items", "{DE4BF548-848B-4528-B51F-5093B659CF84}"
	ProjectSection(SolutionItems) = preProject
		.editorconfig = .editorconfig
		.github\workflows\dotnet.yml = .github\workflows\dotnet.yml
		NuGet.config = NuGet.config
		README.md = README.md
	EndProjectSection
EndProject
Global
	GlobalSection(SolutionConfigurationPlatforms) = preSolution
		Debug|Any CPU = Debug|Any CPU
		Release|Any CPU = Release|Any CPU
	EndGlobalSection
	GlobalSection(ProjectConfigurationPlatforms) = postSolution
		{91B68EB5-8F75-4844-92CF-7A315C1BE6C1}.Debug|Any CPU.ActiveCfg = Debug|Any CPU
		{91B68EB5-8F75-4844-92CF-7A315C1BE6C1}.Debug|Any CPU.Build.0 = Debug|Any CPU
		{91B68EB5-8F75-4844-92CF-7A315C1BE6C1}.Debug|Any CPU.Deploy.0 = Debug|Any CPU
		{91B68EB5-8F75-4844-92CF-7A315C1BE6C1}.Release|Any CPU.ActiveCfg = Release|Any CPU
		{91B68EB5-8F75-4844-92CF-7A315C1BE6C1}.Release|Any CPU.Build.0 = Release|Any CPU
		{91B68EB5-8F75-4844-92CF-7A315C1BE6C1}.Release|Any CPU.Deploy.0 = Release|Any CPU
		{36A3B0C6-0277-4AA0-B822-71FE52EDCAF9}.Debug|Any CPU.ActiveCfg = Debug|Any CPU
		{36A3B0C6-0277-4AA0-B822-71FE52EDCAF9}.Debug|Any CPU.Build.0 = Debug|Any CPU
		{36A3B0C6-0277-4AA0-B822-71FE52EDCAF9}.Release|Any CPU.ActiveCfg = Release|Any CPU
		{36A3B0C6-0277-4AA0-B822-71FE52EDCAF9}.Release|Any CPU.Build.0 = Release|Any CPU
		{3C60ECD4-3E5E-4277-8C58-2224BAE6C016}.Debug|Any CPU.ActiveCfg = Debug|Any CPU
		{3C60ECD4-3E5E-4277-8C58-2224BAE6C016}.Debug|Any CPU.Build.0 = Debug|Any CPU
		{3C60ECD4-3E5E-4277-8C58-2224BAE6C016}.Release|Any CPU.ActiveCfg = Release|Any CPU
		{3C60ECD4-3E5E-4277-8C58-2224BAE6C016}.Release|Any CPU.Build.0 = Release|Any CPU
		{E5947892-3382-4CD8-A25C-2EF0E1B8D47D}.Debug|Any CPU.ActiveCfg = Debug|Any CPU
		{E5947892-3382-4CD8-A25C-2EF0E1B8D47D}.Debug|Any CPU.Build.0 = Debug|Any CPU
		{E5947892-3382-4CD8-A25C-2EF0E1B8D47D}.Release|Any CPU.ActiveCfg = Release|Any CPU
		{E5947892-3382-4CD8-A25C-2EF0E1B8D47D}.Release|Any CPU.Build.0 = Release|Any CPU
	EndGlobalSection
	GlobalSection(SolutionProperties) = preSolution
		HideSolutionNode = FALSE
	EndGlobalSection
	GlobalSection(ExtensibilityGlobals) = postSolution
		SolutionGuid = {61F7FB11-1E47-470C-91E2-47F8143E1572}
	EndGlobalSection
EndGlobal
